
Microsoft Visual Studio Solution File, Format Version 12.00
# Visual Studio Version 17
VisualStudioVersion = 17.4.33205.214
MinimumVisualStudioVersion = 10.0.40219.1
Project("{FAE04EC0-301F-11D3-BF4B-00C04F79EFBC}") = "QuanLyGiaiDau", "QuanLyGiaiDau\QuanLyGiaiDau.csproj", "{13DD2E1E-5442-495E-96AA-C423A1ADA2DF}"
EndProject
Global
	GlobalSection(SolutionConfigurationPlatforms) = preSolution
		Debug|Any CPU = Debug|Any CPU
		Release|Any CPU = Release|Any CPU
	EndGlobalSection
	GlobalSection(ProjectConfigurationPlatforms) = postSolution
		{13DD2E1E-5442-495E-96AA-C423A1ADA2DF}.Debug|Any CPU.ActiveCfg = Debug|Any CPU
		{13DD2E1E-5442-495E-96AA-C423A1ADA2DF}.Debug|Any CPU.Build.0 = Debug|Any CPU
		{13DD2E1E-5442-495E-96AA-C423A1ADA2DF}.Release|Any CPU.ActiveCfg = Release|Any CPU
		{13DD2E1E-5442-495E-96AA-C423A1ADA2DF}.Release|Any CPU.Build.0 = Release|Any CPU
	EndGlobalSection
	GlobalSection(SolutionProperties) = preSolution
		HideSolutionNode = FALSE
	EndGlobalSection
	GlobalSection(ExtensibilityGlobals) = postSolution
		SolutionGuid = {D71D88FF-DD12-4D30-AF06-7F0CE32334CA}
	EndGlobalSection
EndGlobal
